
Microsoft Visual Studio Solution File, Format Version 12.00
Project("{FAE04EC0-301F-11D3-BF4B-00C04F79EFBC}") = "AdventOfCode", "AdventOfCode\AdventOfCode.csproj", "{37D5B23F-C5B8-4DF1-82EB-270DF47E1BC6}"
EndProject
Project("{FAE04EC0-301F-11D3-BF4B-00C04F79EFBC}") = "Tests", "Tests\Tests.csproj", "{EBBB0A52-3746-4254-8A18-20B4DD724432}"
EndProject
Global
	GlobalSection(SolutionConfigurationPlatforms) = preSolution
		Debug|Any CPU = Debug|Any CPU
		Release|Any CPU = Release|Any CPU
	EndGlobalSection
	GlobalSection(ProjectConfigurationPlatforms) = postSolution
		{37D5B23F-C5B8-4DF1-82EB-270DF47E1BC6}.Debug|Any CPU.ActiveCfg = Debug|Any CPU
		{37D5B23F-C5B8-4DF1-82EB-270DF47E1BC6}.Debug|Any CPU.Build.0 = Debug|Any CPU
		{37D5B23F-C5B8-4DF1-82EB-270DF47E1BC6}.Release|Any CPU.ActiveCfg = Release|Any CPU
		{37D5B23F-C5B8-4DF1-82EB-270DF47E1BC6}.Release|Any CPU.Build.0 = Release|Any CPU
		{EBBB0A52-3746-4254-8A18-20B4DD724432}.Debug|Any CPU.ActiveCfg = Debug|Any CPU
		{EBBB0A52-3746-4254-8A18-20B4DD724432}.Debug|Any CPU.Build.0 = Debug|Any CPU
		{EBBB0A52-3746-4254-8A18-20B4DD724432}.Release|Any CPU.ActiveCfg = Release|Any CPU
		{EBBB0A52-3746-4254-8A18-20B4DD724432}.Release|Any CPU.Build.0 = Release|Any CPU
	EndGlobalSection
EndGlobal
